
Microsoft Visual Studio Solution File, Format Version 12.00
# Visual Studio Version 16
VisualStudioVersion = 16.0.30309.148
MinimumVisualStudioVersion = 10.0.40219.1
Project("{FAE04EC0-301F-11D3-BF4B-00C04F79EFBC}") = "ArraysAndLists", "ArraysAndLists\ArraysAndLists.csproj", "{0A4A08DA-6A22-4C3E-86C5-E19C916E8C23}"
EndProject
Global
	GlobalSection(SolutionConfigurationPlatforms) = preSolution
		Debug|Any CPU = Debug|Any CPU
		Release|Any CPU = Release|Any CPU
	EndGlobalSection
	GlobalSection(ProjectConfigurationPlatforms) = postSolution
		{0A4A08DA-6A22-4C3E-86C5-E19C916E8C23}.Debug|Any CPU.ActiveCfg = Debug|Any CPU
		{0A4A08DA-6A22-4C3E-86C5-E19C916E8C23}.Debug|Any CPU.Build.0 = Debug|Any CPU
		{0A4A08DA-6A22-4C3E-86C5-E19C916E8C23}.Release|Any CPU.ActiveCfg = Release|Any CPU
		{0A4A08DA-6A22-4C3E-86C5-E19C916E8C23}.Release|Any CPU.Build.0 = Release|Any CPU
	EndGlobalSection
	GlobalSection(SolutionProperties) = preSolution
		HideSolutionNode = FALSE
	EndGlobalSection
	GlobalSection(ExtensibilityGlobals) = postSolution
		SolutionGuid = {453D6B55-A6E3-46F5-A046-94D766F865FD}
	EndGlobalSection
EndGlobal
