
Microsoft Visual Studio Solution File, Format Version 12.00
# Visual Studio Version 16
VisualStudioVersion = 16.0.30309.148
MinimumVisualStudioVersion = 10.0.40219.1
Project("{FAE04EC0-301F-11D3-BF4B-00C04F79EFBC}") = "Assignment133", "Assignment133\Assignment133.csproj", "{B6C71549-D6EC-4BC3-8D78-959B033BCEB0}"
EndProject
Global
	GlobalSection(SolutionConfigurationPlatforms) = preSolution
		Debug|Any CPU = Debug|Any CPU
		Release|Any CPU = Release|Any CPU
	EndGlobalSection
	GlobalSection(ProjectConfigurationPlatforms) = postSolution
		{B6C71549-D6EC-4BC3-8D78-959B033BCEB0}.Debug|Any CPU.ActiveCfg = Debug|Any CPU
		{B6C71549-D6EC-4BC3-8D78-959B033BCEB0}.Debug|Any CPU.Build.0 = Debug|Any CPU
		{B6C71549-D6EC-4BC3-8D78-959B033BCEB0}.Release|Any CPU.ActiveCfg = Release|Any CPU
		{B6C71549-D6EC-4BC3-8D78-959B033BCEB0}.Release|Any CPU.Build.0 = Release|Any CPU
	EndGlobalSection
	GlobalSection(SolutionProperties) = preSolution
		HideSolutionNode = FALSE
	EndGlobalSection
	GlobalSection(ExtensibilityGlobals) = postSolution
		SolutionGuid = {F5A710AB-82AD-4B77-8AC9-77D5F9C5B9E1}
	EndGlobalSection
EndGlobal
