
Microsoft Visual Studio Solution File, Format Version 12.00
# Visual Studio Version 16
VisualStudioVersion = 16.0.30309.148
MinimumVisualStudioVersion = 10.0.40219.1
Project("{FAE04EC0-301F-11D3-BF4B-00C04F79EFBC}") = "StringFunctions", "StringFunctions\StringFunctions.csproj", "{44D7B4FC-BA3D-4D4A-9BBE-83184B7E02F2}"
EndProject
Global
	GlobalSection(SolutionConfigurationPlatforms) = preSolution
		Debug|Any CPU = Debug|Any CPU
		Release|Any CPU = Release|Any CPU
	EndGlobalSection
	GlobalSection(ProjectConfigurationPlatforms) = postSolution
		{44D7B4FC-BA3D-4D4A-9BBE-83184B7E02F2}.Debug|Any CPU.ActiveCfg = Debug|Any CPU
		{44D7B4FC-BA3D-4D4A-9BBE-83184B7E02F2}.Debug|Any CPU.Build.0 = Debug|Any CPU
		{44D7B4FC-BA3D-4D4A-9BBE-83184B7E02F2}.Release|Any CPU.ActiveCfg = Release|Any CPU
		{44D7B4FC-BA3D-4D4A-9BBE-83184B7E02F2}.Release|Any CPU.Build.0 = Release|Any CPU
	EndGlobalSection
	GlobalSection(SolutionProperties) = preSolution
		HideSolutionNode = FALSE
	EndGlobalSection
	GlobalSection(ExtensibilityGlobals) = postSolution
		SolutionGuid = {91717B4F-C3AA-4E49-84B5-29D9CFE16DBE}
	EndGlobalSection
EndGlobal
