
Microsoft Visual Studio Solution File, Format Version 12.00
# Visual Studio Version 16
VisualStudioVersion = 16.0.30309.148
MinimumVisualStudioVersion = 10.0.40219.1
Project("{FAE04EC0-301F-11D3-BF4B-00C04F79EFBC}") = "TryCatchAssignment", "TryCatchAssignment\TryCatchAssignment.csproj", "{532EE2AA-C555-4660-B737-47D3ABABD63B}"
EndProject
Global
	GlobalSection(SolutionConfigurationPlatforms) = preSolution
		Debug|Any CPU = Debug|Any CPU
		Release|Any CPU = Release|Any CPU
	EndGlobalSection
	GlobalSection(ProjectConfigurationPlatforms) = postSolution
		{532EE2AA-C555-4660-B737-47D3ABABD63B}.Debug|Any CPU.ActiveCfg = Debug|Any CPU
		{532EE2AA-C555-4660-B737-47D3ABABD63B}.Debug|Any CPU.Build.0 = Debug|Any CPU
		{532EE2AA-C555-4660-B737-47D3ABABD63B}.Release|Any CPU.ActiveCfg = Release|Any CPU
		{532EE2AA-C555-4660-B737-47D3ABABD63B}.Release|Any CPU.Build.0 = Release|Any CPU
	EndGlobalSection
	GlobalSection(SolutionProperties) = preSolution
		HideSolutionNode = FALSE
	EndGlobalSection
	GlobalSection(ExtensibilityGlobals) = postSolution
		SolutionGuid = {FE624886-4561-4FD2-9C48-B88D8AAA25B3}
	EndGlobalSection
EndGlobal
