
Microsoft Visual Studio Solution File, Format Version 12.00
# Visual Studio Version 16
VisualStudioVersion = 16.0.30309.148
MinimumVisualStudioVersion = 10.0.40219.1
Project("{FAE04EC0-301F-11D3-BF4B-00C04F79EFBC}") = "EnumAssignment_261", "EnumAssignment_261\EnumAssignment_261.csproj", "{1BB1FEFF-9017-462C-99AA-F9CA1B062560}"
EndProject
Global
	GlobalSection(SolutionConfigurationPlatforms) = preSolution
		Debug|Any CPU = Debug|Any CPU
		Release|Any CPU = Release|Any CPU
	EndGlobalSection
	GlobalSection(ProjectConfigurationPlatforms) = postSolution
		{1BB1FEFF-9017-462C-99AA-F9CA1B062560}.Debug|Any CPU.ActiveCfg = Debug|Any CPU
		{1BB1FEFF-9017-462C-99AA-F9CA1B062560}.Debug|Any CPU.Build.0 = Debug|Any CPU
		{1BB1FEFF-9017-462C-99AA-F9CA1B062560}.Release|Any CPU.ActiveCfg = Release|Any CPU
		{1BB1FEFF-9017-462C-99AA-F9CA1B062560}.Release|Any CPU.Build.0 = Release|Any CPU
	EndGlobalSection
	GlobalSection(SolutionProperties) = preSolution
		HideSolutionNode = FALSE
	EndGlobalSection
	GlobalSection(ExtensibilityGlobals) = postSolution
		SolutionGuid = {87FB885D-C6FE-4A93-8405-B73774937206}
	EndGlobalSection
EndGlobal
