
Microsoft Visual Studio Solution File, Format Version 12.00
# Visual Studio Version 16
VisualStudioVersion = 16.0.30309.148
MinimumVisualStudioVersion = 10.0.40219.1
Project("{FAE04EC0-301F-11D3-BF4B-00C04F79EFBC}") = "MathAndComparisonOperators", "MathAndComparisonOperators\MathAndComparisonOperators.csproj", "{248F8E9A-CCFE-4F75-AE8A-A9412A8E8D47}"
EndProject
Global
	GlobalSection(SolutionConfigurationPlatforms) = preSolution
		Debug|Any CPU = Debug|Any CPU
		Release|Any CPU = Release|Any CPU
	EndGlobalSection
	GlobalSection(ProjectConfigurationPlatforms) = postSolution
		{248F8E9A-CCFE-4F75-AE8A-A9412A8E8D47}.Debug|Any CPU.ActiveCfg = Debug|Any CPU
		{248F8E9A-CCFE-4F75-AE8A-A9412A8E8D47}.Debug|Any CPU.Build.0 = Debug|Any CPU
		{248F8E9A-CCFE-4F75-AE8A-A9412A8E8D47}.Release|Any CPU.ActiveCfg = Release|Any CPU
		{248F8E9A-CCFE-4F75-AE8A-A9412A8E8D47}.Release|Any CPU.Build.0 = Release|Any CPU
	EndGlobalSection
	GlobalSection(SolutionProperties) = preSolution
		HideSolutionNode = FALSE
	EndGlobalSection
	GlobalSection(ExtensibilityGlobals) = postSolution
		SolutionGuid = {95DEAD05-58EA-4136-8290-758E4EA2B326}
	EndGlobalSection
EndGlobal
