
Microsoft Visual Studio Solution File, Format Version 12.00
# Visual Studio Version 16
VisualStudioVersion = 16.0.30309.148
MinimumVisualStudioVersion = 10.0.40219.1
Project("{FAE04EC0-301F-11D3-BF4B-00C04F79EFBC}") = "OutParameterAssignment_231", "OutParameterAssignment_231\OutParameterAssignment_231.csproj", "{107D66B2-1C3E-4A0D-86A1-B6B764FBF312}"
EndProject
Global
	GlobalSection(SolutionConfigurationPlatforms) = preSolution
		Debug|Any CPU = Debug|Any CPU
		Release|Any CPU = Release|Any CPU
	EndGlobalSection
	GlobalSection(ProjectConfigurationPlatforms) = postSolution
		{107D66B2-1C3E-4A0D-86A1-B6B764FBF312}.Debug|Any CPU.ActiveCfg = Debug|Any CPU
		{107D66B2-1C3E-4A0D-86A1-B6B764FBF312}.Debug|Any CPU.Build.0 = Debug|Any CPU
		{107D66B2-1C3E-4A0D-86A1-B6B764FBF312}.Release|Any CPU.ActiveCfg = Release|Any CPU
		{107D66B2-1C3E-4A0D-86A1-B6B764FBF312}.Release|Any CPU.Build.0 = Release|Any CPU
	EndGlobalSection
	GlobalSection(SolutionProperties) = preSolution
		HideSolutionNode = FALSE
	EndGlobalSection
	GlobalSection(ExtensibilityGlobals) = postSolution
		SolutionGuid = {F7245E81-EABE-483C-A828-B1B9F767F940}
	EndGlobalSection
EndGlobal
